
Microsoft Visual Studio Solution File, Format Version 12.00
Project("{FAE04EC0-301F-11D3-BF4B-00C04F79EFBC}") = "Problem 023 - Merge k sorted lists", "Problem 023 - Merge k sorted lists\Problem 023 - Merge k sorted lists.csproj", "{CB668B97-6FAF-4181-971F-12D0D82C30E4}"
EndProject
Project("{FAE04EC0-301F-11D3-BF4B-00C04F79EFBC}") = "Problem 024 - Swap nodes in pairs", "Problem 024 - Swap nodes in pairs\Problem 024 - Swap nodes in pairs.csproj", "{7942E5E5-D849-468E-9BBE-1986F17F49C6}"
EndProject
Project("{FAE04EC0-301F-11D3-BF4B-00C04F79EFBC}") = "Problem 030 - Substring with cancatenation of all words", "Problem 030 - Substring with cancatenation of all words\Problem 030 - Substring with cancatenation of all words.csproj", "{9BCC66CD-1EB9-4B89-B008-336911073C9A}"
EndProject
Project("{FAE04EC0-301F-11D3-BF4B-00C04F79EFBC}") = "Problem 033 - Search in Rotated Sorted Array", "Problem 033 - Search in Rotated Sorted Array\Problem 033 - Search in Rotated Sorted Array.csproj", "{34AE66D8-72EA-4BCB-9723-B5CA9D5F6D5C}"
EndProject
Project("{FAE04EC0-301F-11D3-BF4B-00C04F79EFBC}") = "Problem 042 - Trapping Rain Water", "Problem 042 - Trapping Rain Water\Problem 042 - Trapping Rain Water.csproj", "{AF7F8294-D250-4FBE-9131-1B6D8021BFC9}"
EndProject
Project("{FAE04EC0-301F-11D3-BF4B-00C04F79EFBC}") = "Problem 036 - Valid Sudoku", "Problem 036 - Valid Sudoku\Problem 036 - Valid Sudoku.csproj", "{C82847B8-B03D-408A-A9A9-E8318C27666D}"
EndProject
Project("{FAE04EC0-301F-11D3-BF4B-00C04F79EFBC}") = "Problem 037 - Sudoku Solver", "Problem 037 - Sudoku Solver\Problem 037 - Sudoku Solver.csproj", "{512BB4AA-E2A6-4F7E-801B-CFA57533814F}"
EndProject
Project("{FAE04EC0-301F-11D3-BF4B-00C04F79EFBC}") = "Problem 039 - Combinational Sum", "Problem 039 - Combinational Sum\Problem 039 - Combinational Sum.csproj", "{EDE3A897-A790-4AD7-9D04-7A8F0CAE9922}"
EndProject
Project("{FAE04EC0-301F-11D3-BF4B-00C04F79EFBC}") = "Problem 043 - Combinational Sum II", "Problem 043 - Combinational Sum II\Problem 043 - Combinational Sum II.csproj", "{6C888A5C-17E6-4DA8-8D4F-1DDB49B86191}"
EndProject
Project("{FAE04EC0-301F-11D3-BF4B-00C04F79EFBC}") = "Problem 041 - First Missing Positive", "Problem 041 - First Missing Positive\Problem 041 - First Missing Positive.csproj", "{02D77603-518D-4699-B727-64B2846C6636}"
EndProject
Project("{FAE04EC0-301F-11D3-BF4B-00C04F79EFBC}") = "Problem 043 - Multiply Strings", "Problem 043 - Multiply Strings\Problem 043 - Multiply Strings.csproj", "{72A0AC73-1A1C-4B6D-9194-FFB1EAC98BD7}"
EndProject
Project("{FAE04EC0-301F-11D3-BF4B-00C04F79EFBC}") = "Problem 046 - Permutations", "Problem 046 - Permutations\Problem 046 - Permutations.csproj", "{ADF1C78F-41FF-4552-914A-634703F78B76}"
EndProject
Project("{FAE04EC0-301F-11D3-BF4B-00C04F79EFBC}") = "Problem 047 - Permutations II", "Problem 047 - Permutations II\Problem 047 - Permutations II.csproj", "{F181BE14-E1C8-42AF-98BD-11B38D8499AF}"
EndProject
Project("{FAE04EC0-301F-11D3-BF4B-00C04F79EFBC}") = "Problem 048 - Rotate Image", "Problem 048 - Rotate Image\Problem 048 - Rotate Image.csproj", "{92F38EFD-29CC-4A4A-8E25-1C4A55F87D81}"
EndProject
Project("{2150E333-8FDC-42A3-9474-1A3956D46DE8}") = "Project Euler", "Project Euler", "{4450196E-CAA6-4464-82B6-2F1987DE333D}"
EndProject
Project("{2150E333-8FDC-42A3-9474-1A3956D46DE8}") = "LeetCode", "LeetCode", "{629863A7-D9F8-4561-A685-7CAECA32CD97}"
EndProject
Project("{2150E333-8FDC-42A3-9474-1A3956D46DE8}") = "HackerRank", "HackerRank", "{DD64CCAE-8383-4A41-A8C1-972A0D4E40A8}"
EndProject
Project("{FAE04EC0-301F-11D3-BF4B-00C04F79EFBC}") = "Problem 217 - Balanced Numbers", "Problem 217 - Balanced Numbers\Problem 217 - Balanced Numbers.csproj", "{3E09507A-D16D-410C-ABC1-169B3659F713}"
EndProject
Project("{FAE04EC0-301F-11D3-BF4B-00C04F79EFBC}") = "Problem 001 - Multiples of 3 and 5", "Problem 001 - Multiples of 3 and 5\Problem 001 - Multiples of 3 and 5.csproj", "{7242D791-6BA0-423C-A79D-C27E153436C7}"
EndProject
Project("{FAE04EC0-301F-11D3-BF4B-00C04F79EFBC}") = "Problem 002 - Even Fibonacci Numbers", "Problem 002 - Even Fibonacci Numbers\Problem 002 - Even Fibonacci Numbers.csproj", "{381E1548-B932-4014-B287-EB48B9A3330E}"
EndProject
Project("{FAE04EC0-301F-11D3-BF4B-00C04F79EFBC}") = "Problem 003 - Largets Prime Factor", "Problem 003 - Largets Prime Factor\Problem 003 - Largets Prime Factor.csproj", "{A50F63CE-9F78-48AC-8821-04079F1114E6}"
EndProject
Project("{FAE04EC0-301F-11D3-BF4B-00C04F79EFBC}") = "Problem 004 - Largest Palindromic Product", "Problem 004 - Largest Palindromic Product\Problem 004 - Largest Palindromic Product.csproj", "{16BB1304-32C3-4A47-BC6E-0382892C735F}"
EndProject
Project("{FAE04EC0-301F-11D3-BF4B-00C04F79EFBC}") = "Problem 005 - Smallest Multiple", "Problem 005 - Smallest Multiple\Problem 005 - Smallest Multiple.csproj", "{012C9CBE-1F81-4F84-8E71-7BA361C7FC9B}"
EndProject
Project("{FAE04EC0-301F-11D3-BF4B-00C04F79EFBC}") = "Problem 006 - Sum square difference", "Problem 006 - Sum square difference\Problem 006 - Sum square difference.csproj", "{E9ED043F-5CEC-431C-A7A7-45D3EAB0FE9B}"
EndProject
Project("{FAE04EC0-301F-11D3-BF4B-00C04F79EFBC}") = "Problem 007 - 10001st prime", "Problem 007 - 10001st prime\Problem 007 - 10001st prime.csproj", "{D415AB41-1D15-412C-925F-6CED23C38F27}"
EndProject
Project("{FAE04EC0-301F-11D3-BF4B-00C04F79EFBC}") = "Problem 008 - Largest product in a series", "Problem 008 - Largest product in a series\Problem 008 - Largest product in a series.csproj", "{E47CAD98-09E6-412D-8E2D-3F6D119FE1E0}"
EndProject
Project("{FAE04EC0-301F-11D3-BF4B-00C04F79EFBC}") = "Problem 009 - Special Pythagorean triplet", "Problem 009 - Special Pythagorean triplet\Problem 009 - Special Pythagorean triplet.csproj", "{57E688D8-B281-494E-BA12-A12538C424F5}"
EndProject
Project("{FAE04EC0-301F-11D3-BF4B-00C04F79EFBC}") = "Problem 010 - Summation of Primes", "Problem 010 - Summation of Primes\Problem 010 - Summation of Primes.csproj", "{C146C9EF-7013-490B-B58A-31559A3A59CD}"
EndProject
Project("{FAE04EC0-301F-11D3-BF4B-00C04F79EFBC}") = "Problem 011 - Largest product in a grid", "Problem 011 - Largest product in a grid\Problem 011 - Largest product in a grid.csproj", "{E7EC6894-FDDA-4596-81AF-F1E586E5C96D}"
EndProject
Project("{FAE04EC0-301F-11D3-BF4B-00C04F79EFBC}") = "Problem 012 - Highly divisible triangular number", "Problem 012 - Highly divisible triangular number\Problem 012 - Highly divisible triangular number.csproj", "{5E5874E5-1878-4229-884C-FB7C3D286BFC}"
EndProject
Project("{FAE04EC0-301F-11D3-BF4B-00C04F79EFBC}") = "Problem 013 - Large sum", "Problem 013 - Large sum\Problem 013 - Large sum.csproj", "{C378AAFC-C181-4681-8E0E-A4C584D42A5C}"
EndProject
Project("{FAE04EC0-301F-11D3-BF4B-00C04F79EFBC}") = "Problem 014 - Longest Collatz sequence", "Problem 014 - Longest Collatz sequence\Problem 014 - Longest Collatz sequence.csproj", "{552610DE-0FBD-457F-A89C-7BFDFDB7D0A1}"
EndProject
Project("{FAE04EC0-301F-11D3-BF4B-00C04F79EFBC}") = "Problem 015 - Lattice paths", "Problem 015 - Lattice paths\Problem 015 - Lattice paths.csproj", "{5FD68C79-0336-4547-AA35-DA7BCF1CDE15}"
EndProject
Project("{FAE04EC0-301F-11D3-BF4B-00C04F79EFBC}") = "Problem 016 - Power digit sum", "Problem 016 - Power digit sum\Problem 016 - Power digit sum.csproj", "{71CEB126-F82C-4BF0-8739-3B6A8BC9F96E}"
EndProject
Project("{FAE04EC0-301F-11D3-BF4B-00C04F79EFBC}") = "Problem 017 - Number to Words", "Problem 017 - Number to Words\Problem 017 - Number to Words.csproj", "{2E26592D-1E29-4605-838D-A9853C0C370D}"
EndProject
Project("{FAE04EC0-301F-11D3-BF4B-00C04F79EFBC}") = "Problem 018 - Maximum path sum I", "Problem 018 - Maximum path sum I\Problem 018 - Maximum path sum I.csproj", "{1AE20981-FA7B-4E14-AAD5-CC013B805782}"
EndProject
Project("{FAE04EC0-301F-11D3-BF4B-00C04F79EFBC}") = "Problem 67 - Maximum path sum II", "Problem 67 - Maximum path sum II\Problem 67 - Maximum path sum II.csproj", "{DFA22F89-5661-4B84-8198-7063F83606CC}"
EndProject
Project("{FAE04EC0-301F-11D3-BF4B-00C04F79EFBC}") = "Problem 049 - Group Anagrams", "Problem 049 - Group Anagrams\Problem 049 - Group Anagrams.csproj", "{87AD89C6-B292-44B0-8063-83C38A24DD61}"
EndProject
Project("{FAE04EC0-301F-11D3-BF4B-00C04F79EFBC}") = "Problem 051 - N-Queens", "Problem 051 - N-Queens\Problem 051 - N-Queens.csproj", "{BE23D401-FB2C-4C0B-A565-3847AD936D85}"
EndProject
Project("{FAE04EC0-301F-11D3-BF4B-00C04F79EFBC}") = "Problem 052 - N-Queens II", "Problem 052 - N-Queens II\Problem 052 - N-Queens II.csproj", "{532B052E-E629-4CC4-845C-40F3FB836D49}"
EndProject
Project("{FAE04EC0-301F-11D3-BF4B-00C04F79EFBC}") = "Problem 054 - Spiral Matrix", "Problem 054 - Spiral Matrix\Problem 054 - Spiral Matrix.csproj", "{333C0A80-55C8-4E34-A803-528B26F1EC54}"
EndProject
Project("{FAE04EC0-301F-11D3-BF4B-00C04F79EFBC}") = "Problem 055 - Jump Game", "Problem 055 - Jump Game\Problem 055 - Jump Game.csproj", "{EED058DB-CE41-4AEC-8B56-947EB625F85D}"
EndProject
Project("{FAE04EC0-301F-11D3-BF4B-00C04F79EFBC}") = "Problem 098 - Validate Binary Search Tree", "Problem 098 - Validate Binary Search Tree\Problem 098 - Validate Binary Search Tree.csproj", "{EAE0A041-945D-45AC-8AE5-1090F9387077}"
EndProject
Project("{FAE04EC0-301F-11D3-BF4B-00C04F79EFBC}") = "Problem 073 - Set Matrix Zeroes", "Problem 073 - Set Matrix Zeroes\Problem 073 - Set Matrix Zeroes.csproj", "{F2E2FDAE-040C-435D-BA90-757EB6D3430A}"
EndProject
Project("{FAE04EC0-301F-11D3-BF4B-00C04F79EFBC}") = "Problem 056 - Merge Intervals", "Problem 056 - Merge Intervals\Problem 056 - Merge Intervals.csproj", "{1A8E5AA4-25EB-4A33-BD86-916057A23FFD}"
EndProject
Project("{FAE04EC0-301F-11D3-BF4B-00C04F79EFBC}") = "Problem 057 - Instert Interval", "Problem 057 - Instert Interval\Problem 057 - Instert Interval.csproj", "{35FB6914-B770-4935-AF04-5E5DFDA8ECC9}"
EndProject
Project("{FAE04EC0-301F-11D3-BF4B-00C04F79EFBC}") = "Problem 058 - Length of Last Word", "Problem 058 - Length of Last Word\Problem 058 - Length of Last Word.csproj", "{12117AD3-1746-48C3-BB29-5AE714DB6B75}"
EndProject
Project("{FAE04EC0-301F-11D3-BF4B-00C04F79EFBC}") = "Problem 060 - Permutation Sequence", "Problem 060 - Permutation Sequence\Problem 060 - Permutation Sequence.csproj", "{B7E955CC-1617-4A01-9B6C-2A00B2C428AF}"
EndProject
Project("{FAE04EC0-301F-11D3-BF4B-00C04F79EFBC}") = "Problem 062 - Unique Paths", "Problem 062 - Unique Paths\Problem 062 - Unique Paths.csproj", "{73DFDE0E-CD30-4D30-9C2A-EE58BE7DC7C2}"
EndProject
Project("{FAE04EC0-301F-11D3-BF4B-00C04F79EFBC}") = "Problem 063 - Unique Paths II", "Problem 063 - Unique Paths II\Problem 063 - Unique Paths II.csproj", "{AE522420-82DC-4866-BD3B-9FF15BEB628A}"
EndProject
Project("{FAE04EC0-301F-11D3-BF4B-00C04F79EFBC}") = "Problem 064 - Minimum Path Sum", "Problem 064 - Minimum Path Sum\Problem 064 - Minimum Path Sum.csproj", "{6FE09EFA-1FAC-4662-A916-A91AC7148705}"
EndProject
Global
	GlobalSection(SolutionConfigurationPlatforms) = preSolution
		Debug|Any CPU = Debug|Any CPU
		Release|Any CPU = Release|Any CPU
	EndGlobalSection
	GlobalSection(ProjectConfigurationPlatforms) = postSolution
		{CB668B97-6FAF-4181-971F-12D0D82C30E4}.Debug|Any CPU.ActiveCfg = Debug|Any CPU
		{CB668B97-6FAF-4181-971F-12D0D82C30E4}.Debug|Any CPU.Build.0 = Debug|Any CPU
		{CB668B97-6FAF-4181-971F-12D0D82C30E4}.Release|Any CPU.ActiveCfg = Release|Any CPU
		{CB668B97-6FAF-4181-971F-12D0D82C30E4}.Release|Any CPU.Build.0 = Release|Any CPU
		{7942E5E5-D849-468E-9BBE-1986F17F49C6}.Debug|Any CPU.ActiveCfg = Debug|Any CPU
		{7942E5E5-D849-468E-9BBE-1986F17F49C6}.Debug|Any CPU.Build.0 = Debug|Any CPU
		{7942E5E5-D849-468E-9BBE-1986F17F49C6}.Release|Any CPU.ActiveCfg = Release|Any CPU
		{7942E5E5-D849-468E-9BBE-1986F17F49C6}.Release|Any CPU.Build.0 = Release|Any CPU
		{9BCC66CD-1EB9-4B89-B008-336911073C9A}.Debug|Any CPU.ActiveCfg = Debug|Any CPU
		{9BCC66CD-1EB9-4B89-B008-336911073C9A}.Debug|Any CPU.Build.0 = Debug|Any CPU
		{9BCC66CD-1EB9-4B89-B008-336911073C9A}.Release|Any CPU.ActiveCfg = Release|Any CPU
		{9BCC66CD-1EB9-4B89-B008-336911073C9A}.Release|Any CPU.Build.0 = Release|Any CPU
		{34AE66D8-72EA-4BCB-9723-B5CA9D5F6D5C}.Debug|Any CPU.ActiveCfg = Debug|Any CPU
		{34AE66D8-72EA-4BCB-9723-B5CA9D5F6D5C}.Debug|Any CPU.Build.0 = Debug|Any CPU
		{34AE66D8-72EA-4BCB-9723-B5CA9D5F6D5C}.Release|Any CPU.ActiveCfg = Release|Any CPU
		{34AE66D8-72EA-4BCB-9723-B5CA9D5F6D5C}.Release|Any CPU.Build.0 = Release|Any CPU
		{AF7F8294-D250-4FBE-9131-1B6D8021BFC9}.Debug|Any CPU.ActiveCfg = Debug|Any CPU
		{AF7F8294-D250-4FBE-9131-1B6D8021BFC9}.Debug|Any CPU.Build.0 = Debug|Any CPU
		{AF7F8294-D250-4FBE-9131-1B6D8021BFC9}.Release|Any CPU.ActiveCfg = Release|Any CPU
		{AF7F8294-D250-4FBE-9131-1B6D8021BFC9}.Release|Any CPU.Build.0 = Release|Any CPU
		{C82847B8-B03D-408A-A9A9-E8318C27666D}.Debug|Any CPU.ActiveCfg = Debug|Any CPU
		{C82847B8-B03D-408A-A9A9-E8318C27666D}.Debug|Any CPU.Build.0 = Debug|Any CPU
		{C82847B8-B03D-408A-A9A9-E8318C27666D}.Release|Any CPU.ActiveCfg = Release|Any CPU
		{C82847B8-B03D-408A-A9A9-E8318C27666D}.Release|Any CPU.Build.0 = Release|Any CPU
		{512BB4AA-E2A6-4F7E-801B-CFA57533814F}.Debug|Any CPU.ActiveCfg = Debug|Any CPU
		{512BB4AA-E2A6-4F7E-801B-CFA57533814F}.Debug|Any CPU.Build.0 = Debug|Any CPU
		{512BB4AA-E2A6-4F7E-801B-CFA57533814F}.Release|Any CPU.ActiveCfg = Release|Any CPU
		{512BB4AA-E2A6-4F7E-801B-CFA57533814F}.Release|Any CPU.Build.0 = Release|Any CPU
		{EDE3A897-A790-4AD7-9D04-7A8F0CAE9922}.Debug|Any CPU.ActiveCfg = Debug|Any CPU
		{EDE3A897-A790-4AD7-9D04-7A8F0CAE9922}.Debug|Any CPU.Build.0 = Debug|Any CPU
		{EDE3A897-A790-4AD7-9D04-7A8F0CAE9922}.Release|Any CPU.ActiveCfg = Release|Any CPU
		{EDE3A897-A790-4AD7-9D04-7A8F0CAE9922}.Release|Any CPU.Build.0 = Release|Any CPU
		{6C888A5C-17E6-4DA8-8D4F-1DDB49B86191}.Debug|Any CPU.ActiveCfg = Debug|Any CPU
		{6C888A5C-17E6-4DA8-8D4F-1DDB49B86191}.Debug|Any CPU.Build.0 = Debug|Any CPU
		{6C888A5C-17E6-4DA8-8D4F-1DDB49B86191}.Release|Any CPU.ActiveCfg = Release|Any CPU
		{6C888A5C-17E6-4DA8-8D4F-1DDB49B86191}.Release|Any CPU.Build.0 = Release|Any CPU
		{02D77603-518D-4699-B727-64B2846C6636}.Debug|Any CPU.ActiveCfg = Debug|Any CPU
		{02D77603-518D-4699-B727-64B2846C6636}.Debug|Any CPU.Build.0 = Debug|Any CPU
		{02D77603-518D-4699-B727-64B2846C6636}.Release|Any CPU.ActiveCfg = Release|Any CPU
		{02D77603-518D-4699-B727-64B2846C6636}.Release|Any CPU.Build.0 = Release|Any CPU
		{72A0AC73-1A1C-4B6D-9194-FFB1EAC98BD7}.Debug|Any CPU.ActiveCfg = Debug|Any CPU
		{72A0AC73-1A1C-4B6D-9194-FFB1EAC98BD7}.Debug|Any CPU.Build.0 = Debug|Any CPU
		{72A0AC73-1A1C-4B6D-9194-FFB1EAC98BD7}.Release|Any CPU.ActiveCfg = Release|Any CPU
		{72A0AC73-1A1C-4B6D-9194-FFB1EAC98BD7}.Release|Any CPU.Build.0 = Release|Any CPU
		{ADF1C78F-41FF-4552-914A-634703F78B76}.Debug|Any CPU.ActiveCfg = Debug|Any CPU
		{ADF1C78F-41FF-4552-914A-634703F78B76}.Debug|Any CPU.Build.0 = Debug|Any CPU
		{ADF1C78F-41FF-4552-914A-634703F78B76}.Release|Any CPU.ActiveCfg = Release|Any CPU
		{ADF1C78F-41FF-4552-914A-634703F78B76}.Release|Any CPU.Build.0 = Release|Any CPU
		{F181BE14-E1C8-42AF-98BD-11B38D8499AF}.Debug|Any CPU.ActiveCfg = Debug|Any CPU
		{F181BE14-E1C8-42AF-98BD-11B38D8499AF}.Debug|Any CPU.Build.0 = Debug|Any CPU
		{F181BE14-E1C8-42AF-98BD-11B38D8499AF}.Release|Any CPU.ActiveCfg = Release|Any CPU
		{F181BE14-E1C8-42AF-98BD-11B38D8499AF}.Release|Any CPU.Build.0 = Release|Any CPU
		{92F38EFD-29CC-4A4A-8E25-1C4A55F87D81}.Debug|Any CPU.ActiveCfg = Debug|Any CPU
		{92F38EFD-29CC-4A4A-8E25-1C4A55F87D81}.Debug|Any CPU.Build.0 = Debug|Any CPU
		{92F38EFD-29CC-4A4A-8E25-1C4A55F87D81}.Release|Any CPU.ActiveCfg = Release|Any CPU
		{92F38EFD-29CC-4A4A-8E25-1C4A55F87D81}.Release|Any CPU.Build.0 = Release|Any CPU
		{3E09507A-D16D-410C-ABC1-169B3659F713}.Debug|Any CPU.ActiveCfg = Debug|Any CPU
		{3E09507A-D16D-410C-ABC1-169B3659F713}.Debug|Any CPU.Build.0 = Debug|Any CPU
		{3E09507A-D16D-410C-ABC1-169B3659F713}.Release|Any CPU.ActiveCfg = Release|Any CPU
		{3E09507A-D16D-410C-ABC1-169B3659F713}.Release|Any CPU.Build.0 = Release|Any CPU
		{7242D791-6BA0-423C-A79D-C27E153436C7}.Debug|Any CPU.ActiveCfg = Debug|Any CPU
		{7242D791-6BA0-423C-A79D-C27E153436C7}.Debug|Any CPU.Build.0 = Debug|Any CPU
		{7242D791-6BA0-423C-A79D-C27E153436C7}.Release|Any CPU.ActiveCfg = Release|Any CPU
		{7242D791-6BA0-423C-A79D-C27E153436C7}.Release|Any CPU.Build.0 = Release|Any CPU
		{381E1548-B932-4014-B287-EB48B9A3330E}.Debug|Any CPU.ActiveCfg = Debug|Any CPU
		{381E1548-B932-4014-B287-EB48B9A3330E}.Debug|Any CPU.Build.0 = Debug|Any CPU
		{381E1548-B932-4014-B287-EB48B9A3330E}.Release|Any CPU.ActiveCfg = Release|Any CPU
		{381E1548-B932-4014-B287-EB48B9A3330E}.Release|Any CPU.Build.0 = Release|Any CPU
		{A50F63CE-9F78-48AC-8821-04079F1114E6}.Debug|Any CPU.ActiveCfg = Debug|Any CPU
		{A50F63CE-9F78-48AC-8821-04079F1114E6}.Debug|Any CPU.Build.0 = Debug|Any CPU
		{A50F63CE-9F78-48AC-8821-04079F1114E6}.Release|Any CPU.ActiveCfg = Release|Any CPU
		{A50F63CE-9F78-48AC-8821-04079F1114E6}.Release|Any CPU.Build.0 = Release|Any CPU
		{16BB1304-32C3-4A47-BC6E-0382892C735F}.Debug|Any CPU.ActiveCfg = Debug|Any CPU
		{16BB1304-32C3-4A47-BC6E-0382892C735F}.Debug|Any CPU.Build.0 = Debug|Any CPU
		{16BB1304-32C3-4A47-BC6E-0382892C735F}.Release|Any CPU.ActiveCfg = Release|Any CPU
		{16BB1304-32C3-4A47-BC6E-0382892C735F}.Release|Any CPU.Build.0 = Release|Any CPU
		{012C9CBE-1F81-4F84-8E71-7BA361C7FC9B}.Debug|Any CPU.ActiveCfg = Debug|Any CPU
		{012C9CBE-1F81-4F84-8E71-7BA361C7FC9B}.Debug|Any CPU.Build.0 = Debug|Any CPU
		{012C9CBE-1F81-4F84-8E71-7BA361C7FC9B}.Release|Any CPU.ActiveCfg = Release|Any CPU
		{012C9CBE-1F81-4F84-8E71-7BA361C7FC9B}.Release|Any CPU.Build.0 = Release|Any CPU
		{E9ED043F-5CEC-431C-A7A7-45D3EAB0FE9B}.Debug|Any CPU.ActiveCfg = Debug|Any CPU
		{E9ED043F-5CEC-431C-A7A7-45D3EAB0FE9B}.Debug|Any CPU.Build.0 = Debug|Any CPU
		{E9ED043F-5CEC-431C-A7A7-45D3EAB0FE9B}.Release|Any CPU.ActiveCfg = Release|Any CPU
		{E9ED043F-5CEC-431C-A7A7-45D3EAB0FE9B}.Release|Any CPU.Build.0 = Release|Any CPU
		{D415AB41-1D15-412C-925F-6CED23C38F27}.Debug|Any CPU.ActiveCfg = Debug|Any CPU
		{D415AB41-1D15-412C-925F-6CED23C38F27}.Debug|Any CPU.Build.0 = Debug|Any CPU
		{D415AB41-1D15-412C-925F-6CED23C38F27}.Release|Any CPU.ActiveCfg = Release|Any CPU
		{D415AB41-1D15-412C-925F-6CED23C38F27}.Release|Any CPU.Build.0 = Release|Any CPU
		{E47CAD98-09E6-412D-8E2D-3F6D119FE1E0}.Debug|Any CPU.ActiveCfg = Debug|Any CPU
		{E47CAD98-09E6-412D-8E2D-3F6D119FE1E0}.Debug|Any CPU.Build.0 = Debug|Any CPU
		{E47CAD98-09E6-412D-8E2D-3F6D119FE1E0}.Release|Any CPU.ActiveCfg = Release|Any CPU
		{E47CAD98-09E6-412D-8E2D-3F6D119FE1E0}.Release|Any CPU.Build.0 = Release|Any CPU
		{57E688D8-B281-494E-BA12-A12538C424F5}.Debug|Any CPU.ActiveCfg = Debug|Any CPU
		{57E688D8-B281-494E-BA12-A12538C424F5}.Debug|Any CPU.Build.0 = Debug|Any CPU
		{57E688D8-B281-494E-BA12-A12538C424F5}.Release|Any CPU.ActiveCfg = Release|Any CPU
		{57E688D8-B281-494E-BA12-A12538C424F5}.Release|Any CPU.Build.0 = Release|Any CPU
		{C146C9EF-7013-490B-B58A-31559A3A59CD}.Debug|Any CPU.ActiveCfg = Debug|Any CPU
		{C146C9EF-7013-490B-B58A-31559A3A59CD}.Debug|Any CPU.Build.0 = Debug|Any CPU
		{C146C9EF-7013-490B-B58A-31559A3A59CD}.Release|Any CPU.ActiveCfg = Release|Any CPU
		{C146C9EF-7013-490B-B58A-31559A3A59CD}.Release|Any CPU.Build.0 = Release|Any CPU
		{E7EC6894-FDDA-4596-81AF-F1E586E5C96D}.Debug|Any CPU.ActiveCfg = Debug|Any CPU
		{E7EC6894-FDDA-4596-81AF-F1E586E5C96D}.Debug|Any CPU.Build.0 = Debug|Any CPU
		{E7EC6894-FDDA-4596-81AF-F1E586E5C96D}.Release|Any CPU.ActiveCfg = Release|Any CPU
		{E7EC6894-FDDA-4596-81AF-F1E586E5C96D}.Release|Any CPU.Build.0 = Release|Any CPU
		{5E5874E5-1878-4229-884C-FB7C3D286BFC}.Debug|Any CPU.ActiveCfg = Debug|Any CPU
		{5E5874E5-1878-4229-884C-FB7C3D286BFC}.Debug|Any CPU.Build.0 = Debug|Any CPU
		{5E5874E5-1878-4229-884C-FB7C3D286BFC}.Release|Any CPU.ActiveCfg = Release|Any CPU
		{5E5874E5-1878-4229-884C-FB7C3D286BFC}.Release|Any CPU.Build.0 = Release|Any CPU
		{C378AAFC-C181-4681-8E0E-A4C584D42A5C}.Debug|Any CPU.ActiveCfg = Debug|Any CPU
		{C378AAFC-C181-4681-8E0E-A4C584D42A5C}.Debug|Any CPU.Build.0 = Debug|Any CPU
		{C378AAFC-C181-4681-8E0E-A4C584D42A5C}.Release|Any CPU.ActiveCfg = Release|Any CPU
		{C378AAFC-C181-4681-8E0E-A4C584D42A5C}.Release|Any CPU.Build.0 = Release|Any CPU
		{552610DE-0FBD-457F-A89C-7BFDFDB7D0A1}.Debug|Any CPU.ActiveCfg = Debug|Any CPU
		{552610DE-0FBD-457F-A89C-7BFDFDB7D0A1}.Debug|Any CPU.Build.0 = Debug|Any CPU
		{552610DE-0FBD-457F-A89C-7BFDFDB7D0A1}.Release|Any CPU.ActiveCfg = Release|Any CPU
		{552610DE-0FBD-457F-A89C-7BFDFDB7D0A1}.Release|Any CPU.Build.0 = Release|Any CPU
		{5FD68C79-0336-4547-AA35-DA7BCF1CDE15}.Debug|Any CPU.ActiveCfg = Debug|Any CPU
		{5FD68C79-0336-4547-AA35-DA7BCF1CDE15}.Debug|Any CPU.Build.0 = Debug|Any CPU
		{5FD68C79-0336-4547-AA35-DA7BCF1CDE15}.Release|Any CPU.ActiveCfg = Release|Any CPU
		{5FD68C79-0336-4547-AA35-DA7BCF1CDE15}.Release|Any CPU.Build.0 = Release|Any CPU
		{71CEB126-F82C-4BF0-8739-3B6A8BC9F96E}.Debug|Any CPU.ActiveCfg = Debug|Any CPU
		{71CEB126-F82C-4BF0-8739-3B6A8BC9F96E}.Debug|Any CPU.Build.0 = Debug|Any CPU
		{71CEB126-F82C-4BF0-8739-3B6A8BC9F96E}.Release|Any CPU.ActiveCfg = Release|Any CPU
		{71CEB126-F82C-4BF0-8739-3B6A8BC9F96E}.Release|Any CPU.Build.0 = Release|Any CPU
		{2E26592D-1E29-4605-838D-A9853C0C370D}.Debug|Any CPU.ActiveCfg = Debug|Any CPU
		{2E26592D-1E29-4605-838D-A9853C0C370D}.Debug|Any CPU.Build.0 = Debug|Any CPU
		{2E26592D-1E29-4605-838D-A9853C0C370D}.Release|Any CPU.ActiveCfg = Release|Any CPU
		{2E26592D-1E29-4605-838D-A9853C0C370D}.Release|Any CPU.Build.0 = Release|Any CPU
		{1AE20981-FA7B-4E14-AAD5-CC013B805782}.Debug|Any CPU.ActiveCfg = Debug|Any CPU
		{1AE20981-FA7B-4E14-AAD5-CC013B805782}.Debug|Any CPU.Build.0 = Debug|Any CPU
		{1AE20981-FA7B-4E14-AAD5-CC013B805782}.Release|Any CPU.ActiveCfg = Release|Any CPU
		{1AE20981-FA7B-4E14-AAD5-CC013B805782}.Release|Any CPU.Build.0 = Release|Any CPU
		{DFA22F89-5661-4B84-8198-7063F83606CC}.Debug|Any CPU.ActiveCfg = Debug|Any CPU
		{DFA22F89-5661-4B84-8198-7063F83606CC}.Debug|Any CPU.Build.0 = Debug|Any CPU
		{DFA22F89-5661-4B84-8198-7063F83606CC}.Release|Any CPU.ActiveCfg = Release|Any CPU
		{DFA22F89-5661-4B84-8198-7063F83606CC}.Release|Any CPU.Build.0 = Release|Any CPU
		{87AD89C6-B292-44B0-8063-83C38A24DD61}.Debug|Any CPU.ActiveCfg = Debug|Any CPU
		{87AD89C6-B292-44B0-8063-83C38A24DD61}.Debug|Any CPU.Build.0 = Debug|Any CPU
		{87AD89C6-B292-44B0-8063-83C38A24DD61}.Release|Any CPU.ActiveCfg = Release|Any CPU
		{87AD89C6-B292-44B0-8063-83C38A24DD61}.Release|Any CPU.Build.0 = Release|Any CPU
		{BE23D401-FB2C-4C0B-A565-3847AD936D85}.Debug|Any CPU.ActiveCfg = Debug|Any CPU
		{BE23D401-FB2C-4C0B-A565-3847AD936D85}.Debug|Any CPU.Build.0 = Debug|Any CPU
		{BE23D401-FB2C-4C0B-A565-3847AD936D85}.Release|Any CPU.ActiveCfg = Release|Any CPU
		{BE23D401-FB2C-4C0B-A565-3847AD936D85}.Release|Any CPU.Build.0 = Release|Any CPU
		{532B052E-E629-4CC4-845C-40F3FB836D49}.Debug|Any CPU.ActiveCfg = Debug|Any CPU
		{532B052E-E629-4CC4-845C-40F3FB836D49}.Debug|Any CPU.Build.0 = Debug|Any CPU
		{532B052E-E629-4CC4-845C-40F3FB836D49}.Release|Any CPU.ActiveCfg = Release|Any CPU
		{532B052E-E629-4CC4-845C-40F3FB836D49}.Release|Any CPU.Build.0 = Release|Any CPU
		{333C0A80-55C8-4E34-A803-528B26F1EC54}.Debug|Any CPU.ActiveCfg = Debug|Any CPU
		{333C0A80-55C8-4E34-A803-528B26F1EC54}.Debug|Any CPU.Build.0 = Debug|Any CPU
		{333C0A80-55C8-4E34-A803-528B26F1EC54}.Release|Any CPU.ActiveCfg = Release|Any CPU
		{333C0A80-55C8-4E34-A803-528B26F1EC54}.Release|Any CPU.Build.0 = Release|Any CPU
		{EED058DB-CE41-4AEC-8B56-947EB625F85D}.Debug|Any CPU.ActiveCfg = Debug|Any CPU
		{EED058DB-CE41-4AEC-8B56-947EB625F85D}.Debug|Any CPU.Build.0 = Debug|Any CPU
		{EED058DB-CE41-4AEC-8B56-947EB625F85D}.Release|Any CPU.ActiveCfg = Release|Any CPU
		{EED058DB-CE41-4AEC-8B56-947EB625F85D}.Release|Any CPU.Build.0 = Release|Any CPU
		{EAE0A041-945D-45AC-8AE5-1090F9387077}.Debug|Any CPU.ActiveCfg = Debug|Any CPU
		{EAE0A041-945D-45AC-8AE5-1090F9387077}.Debug|Any CPU.Build.0 = Debug|Any CPU
		{EAE0A041-945D-45AC-8AE5-1090F9387077}.Release|Any CPU.ActiveCfg = Release|Any CPU
		{EAE0A041-945D-45AC-8AE5-1090F9387077}.Release|Any CPU.Build.0 = Release|Any CPU
		{F2E2FDAE-040C-435D-BA90-757EB6D3430A}.Debug|Any CPU.ActiveCfg = Debug|Any CPU
		{F2E2FDAE-040C-435D-BA90-757EB6D3430A}.Debug|Any CPU.Build.0 = Debug|Any CPU
		{F2E2FDAE-040C-435D-BA90-757EB6D3430A}.Release|Any CPU.ActiveCfg = Release|Any CPU
		{F2E2FDAE-040C-435D-BA90-757EB6D3430A}.Release|Any CPU.Build.0 = Release|Any CPU
		{1A8E5AA4-25EB-4A33-BD86-916057A23FFD}.Debug|Any CPU.ActiveCfg = Debug|Any CPU
		{1A8E5AA4-25EB-4A33-BD86-916057A23FFD}.Debug|Any CPU.Build.0 = Debug|Any CPU
		{1A8E5AA4-25EB-4A33-BD86-916057A23FFD}.Release|Any CPU.ActiveCfg = Release|Any CPU
		{1A8E5AA4-25EB-4A33-BD86-916057A23FFD}.Release|Any CPU.Build.0 = Release|Any CPU
		{35FB6914-B770-4935-AF04-5E5DFDA8ECC9}.Debug|Any CPU.ActiveCfg = Debug|Any CPU
		{35FB6914-B770-4935-AF04-5E5DFDA8ECC9}.Debug|Any CPU.Build.0 = Debug|Any CPU
		{35FB6914-B770-4935-AF04-5E5DFDA8ECC9}.Release|Any CPU.ActiveCfg = Release|Any CPU
		{35FB6914-B770-4935-AF04-5E5DFDA8ECC9}.Release|Any CPU.Build.0 = Release|Any CPU
		{12117AD3-1746-48C3-BB29-5AE714DB6B75}.Debug|Any CPU.ActiveCfg = Debug|Any CPU
		{12117AD3-1746-48C3-BB29-5AE714DB6B75}.Debug|Any CPU.Build.0 = Debug|Any CPU
		{12117AD3-1746-48C3-BB29-5AE714DB6B75}.Release|Any CPU.ActiveCfg = Release|Any CPU
		{12117AD3-1746-48C3-BB29-5AE714DB6B75}.Release|Any CPU.Build.0 = Release|Any CPU
		{B7E955CC-1617-4A01-9B6C-2A00B2C428AF}.Debug|Any CPU.ActiveCfg = Debug|Any CPU
		{B7E955CC-1617-4A01-9B6C-2A00B2C428AF}.Debug|Any CPU.Build.0 = Debug|Any CPU
		{B7E955CC-1617-4A01-9B6C-2A00B2C428AF}.Release|Any CPU.ActiveCfg = Release|Any CPU
		{B7E955CC-1617-4A01-9B6C-2A00B2C428AF}.Release|Any CPU.Build.0 = Release|Any CPU
		{73DFDE0E-CD30-4D30-9C2A-EE58BE7DC7C2}.Debug|Any CPU.ActiveCfg = Debug|Any CPU
		{73DFDE0E-CD30-4D30-9C2A-EE58BE7DC7C2}.Debug|Any CPU.Build.0 = Debug|Any CPU
		{73DFDE0E-CD30-4D30-9C2A-EE58BE7DC7C2}.Release|Any CPU.ActiveCfg = Release|Any CPU
		{73DFDE0E-CD30-4D30-9C2A-EE58BE7DC7C2}.Release|Any CPU.Build.0 = Release|Any CPU
		{AE522420-82DC-4866-BD3B-9FF15BEB628A}.Debug|Any CPU.ActiveCfg = Debug|Any CPU
		{AE522420-82DC-4866-BD3B-9FF15BEB628A}.Debug|Any CPU.Build.0 = Debug|Any CPU
		{AE522420-82DC-4866-BD3B-9FF15BEB628A}.Release|Any CPU.ActiveCfg = Release|Any CPU
		{AE522420-82DC-4866-BD3B-9FF15BEB628A}.Release|Any CPU.Build.0 = Release|Any CPU
		{6FE09EFA-1FAC-4662-A916-A91AC7148705}.Debug|Any CPU.ActiveCfg = Debug|Any CPU
		{6FE09EFA-1FAC-4662-A916-A91AC7148705}.Debug|Any CPU.Build.0 = Debug|Any CPU
		{6FE09EFA-1FAC-4662-A916-A91AC7148705}.Release|Any CPU.ActiveCfg = Release|Any CPU
		{6FE09EFA-1FAC-4662-A916-A91AC7148705}.Release|Any CPU.Build.0 = Release|Any CPU
	EndGlobalSection
	GlobalSection(NestedProjects) = preSolution
		{CB668B97-6FAF-4181-971F-12D0D82C30E4} = {629863A7-D9F8-4561-A685-7CAECA32CD97}
		{7942E5E5-D849-468E-9BBE-1986F17F49C6} = {629863A7-D9F8-4561-A685-7CAECA32CD97}
		{9BCC66CD-1EB9-4B89-B008-336911073C9A} = {629863A7-D9F8-4561-A685-7CAECA32CD97}
		{34AE66D8-72EA-4BCB-9723-B5CA9D5F6D5C} = {629863A7-D9F8-4561-A685-7CAECA32CD97}
		{EDE3A897-A790-4AD7-9D04-7A8F0CAE9922} = {629863A7-D9F8-4561-A685-7CAECA32CD97}
		{02D77603-518D-4699-B727-64B2846C6636} = {629863A7-D9F8-4561-A685-7CAECA32CD97}
		{AF7F8294-D250-4FBE-9131-1B6D8021BFC9} = {629863A7-D9F8-4561-A685-7CAECA32CD97}
		{6C888A5C-17E6-4DA8-8D4F-1DDB49B86191} = {629863A7-D9F8-4561-A685-7CAECA32CD97}
		{72A0AC73-1A1C-4B6D-9194-FFB1EAC98BD7} = {629863A7-D9F8-4561-A685-7CAECA32CD97}
		{ADF1C78F-41FF-4552-914A-634703F78B76} = {629863A7-D9F8-4561-A685-7CAECA32CD97}
		{F181BE14-E1C8-42AF-98BD-11B38D8499AF} = {629863A7-D9F8-4561-A685-7CAECA32CD97}
		{92F38EFD-29CC-4A4A-8E25-1C4A55F87D81} = {629863A7-D9F8-4561-A685-7CAECA32CD97}
		{C82847B8-B03D-408A-A9A9-E8318C27666D} = {629863A7-D9F8-4561-A685-7CAECA32CD97}
		{512BB4AA-E2A6-4F7E-801B-CFA57533814F} = {629863A7-D9F8-4561-A685-7CAECA32CD97}
		{3E09507A-D16D-410C-ABC1-169B3659F713} = {4450196E-CAA6-4464-82B6-2F1987DE333D}
		{7242D791-6BA0-423C-A79D-C27E153436C7} = {4450196E-CAA6-4464-82B6-2F1987DE333D}
		{381E1548-B932-4014-B287-EB48B9A3330E} = {4450196E-CAA6-4464-82B6-2F1987DE333D}
		{A50F63CE-9F78-48AC-8821-04079F1114E6} = {4450196E-CAA6-4464-82B6-2F1987DE333D}
		{16BB1304-32C3-4A47-BC6E-0382892C735F} = {4450196E-CAA6-4464-82B6-2F1987DE333D}
		{012C9CBE-1F81-4F84-8E71-7BA361C7FC9B} = {4450196E-CAA6-4464-82B6-2F1987DE333D}
		{E9ED043F-5CEC-431C-A7A7-45D3EAB0FE9B} = {4450196E-CAA6-4464-82B6-2F1987DE333D}
		{D415AB41-1D15-412C-925F-6CED23C38F27} = {4450196E-CAA6-4464-82B6-2F1987DE333D}
		{E47CAD98-09E6-412D-8E2D-3F6D119FE1E0} = {4450196E-CAA6-4464-82B6-2F1987DE333D}
		{57E688D8-B281-494E-BA12-A12538C424F5} = {4450196E-CAA6-4464-82B6-2F1987DE333D}
		{C146C9EF-7013-490B-B58A-31559A3A59CD} = {4450196E-CAA6-4464-82B6-2F1987DE333D}
		{E7EC6894-FDDA-4596-81AF-F1E586E5C96D} = {4450196E-CAA6-4464-82B6-2F1987DE333D}
		{5E5874E5-1878-4229-884C-FB7C3D286BFC} = {4450196E-CAA6-4464-82B6-2F1987DE333D}
		{C378AAFC-C181-4681-8E0E-A4C584D42A5C} = {4450196E-CAA6-4464-82B6-2F1987DE333D}
		{552610DE-0FBD-457F-A89C-7BFDFDB7D0A1} = {4450196E-CAA6-4464-82B6-2F1987DE333D}
		{5FD68C79-0336-4547-AA35-DA7BCF1CDE15} = {4450196E-CAA6-4464-82B6-2F1987DE333D}
		{71CEB126-F82C-4BF0-8739-3B6A8BC9F96E} = {4450196E-CAA6-4464-82B6-2F1987DE333D}
		{2E26592D-1E29-4605-838D-A9853C0C370D} = {4450196E-CAA6-4464-82B6-2F1987DE333D}
		{1AE20981-FA7B-4E14-AAD5-CC013B805782} = {4450196E-CAA6-4464-82B6-2F1987DE333D}
		{DFA22F89-5661-4B84-8198-7063F83606CC} = {4450196E-CAA6-4464-82B6-2F1987DE333D}
		{87AD89C6-B292-44B0-8063-83C38A24DD61} = {629863A7-D9F8-4561-A685-7CAECA32CD97}
		{BE23D401-FB2C-4C0B-A565-3847AD936D85} = {629863A7-D9F8-4561-A685-7CAECA32CD97}
		{532B052E-E629-4CC4-845C-40F3FB836D49} = {629863A7-D9F8-4561-A685-7CAECA32CD97}
		{333C0A80-55C8-4E34-A803-528B26F1EC54} = {629863A7-D9F8-4561-A685-7CAECA32CD97}
		{EED058DB-CE41-4AEC-8B56-947EB625F85D} = {629863A7-D9F8-4561-A685-7CAECA32CD97}
		{EAE0A041-945D-45AC-8AE5-1090F9387077} = {629863A7-D9F8-4561-A685-7CAECA32CD97}
		{F2E2FDAE-040C-435D-BA90-757EB6D3430A} = {629863A7-D9F8-4561-A685-7CAECA32CD97}
		{1A8E5AA4-25EB-4A33-BD86-916057A23FFD} = {629863A7-D9F8-4561-A685-7CAECA32CD97}
		{35FB6914-B770-4935-AF04-5E5DFDA8ECC9} = {629863A7-D9F8-4561-A685-7CAECA32CD97}
		{12117AD3-1746-48C3-BB29-5AE714DB6B75} = {629863A7-D9F8-4561-A685-7CAECA32CD97}
		{B7E955CC-1617-4A01-9B6C-2A00B2C428AF} = {629863A7-D9F8-4561-A685-7CAECA32CD97}
		{73DFDE0E-CD30-4D30-9C2A-EE58BE7DC7C2} = {629863A7-D9F8-4561-A685-7CAECA32CD97}
		{AE522420-82DC-4866-BD3B-9FF15BEB628A} = {629863A7-D9F8-4561-A685-7CAECA32CD97}
		{6FE09EFA-1FAC-4662-A916-A91AC7148705} = {629863A7-D9F8-4561-A685-7CAECA32CD97}
	EndGlobalSection
EndGlobal
